{
  "name": "notify",
  "lockfileVersion": 2,
  "requires": true,
  "packages": {
    "": {
      "dependencies": {
        "dotenv": "^16.0.3",
        "node-pushover": "^1.0.0"
      }
    },
    "node_modules/dotenv": {
      "version": "16.0.3",
      "resolved": "https://registry.npmjs.org/dotenv/-/dotenv-16.0.3.tgz",
      "integrity": "sha512-7GO6HghkA5fYG9TYnNxi14/7K9f5occMlp3zXAuSxn7CKCxt9xbNWG7yF8hTCSUchlfWSe3uLmlPfigevRItzQ==",
      "engines": {
        "node": ">=12"
      }
    },
    "node_modules/httpreq": {
      "version": "0.5.2",
      "resolved": "https://registry.npmjs.org/httpreq/-/httpreq-0.5.2.tgz",
      "integrity": "sha512-2Jm+x9WkExDOeFRrdBCBSpLPT5SokTcRHkunV3pjKmX/cx6av8zQ0WtHUMDrYb6O4hBFzNU6sxJEypvRUVYKnw==",
      "engines": {
        "node": ">= 6.15.1"
      }
    },
    "node_modules/node-pushover": {
      "version": "1.0.0",
      "resolved": "https://registry.npmjs.org/node-pushover/-/node-pushover-1.0.0.tgz",
      "integrity": "sha512-yIIt6a60obTco2/Yr0/9iR4+4sDbDzlM3qpaJ99xnAwFlDeg29V5ur19D2L+S9i5LaBao5yAQKAdpvQ+7kVIng==",
      "dependencies": {
        "httpreq": "*"
      }
    }
  },
  "dependencies": {
    "dotenv": {
      "version": "16.0.3",
      "resolved": "https://registry.npmjs.org/dotenv/-/dotenv-16.0.3.tgz",
      "integrity": "sha512-7GO6HghkA5fYG9TYnNxi14/7K9f5occMlp3zXAuSxn7CKCxt9xbNWG7yF8hTCSUchlfWSe3uLmlPfigevRItzQ=="
    },
    "httpreq": {
      "version": "0.5.2",
      "resolved": "https://registry.npmjs.org/httpreq/-/httpreq-0.5.2.tgz",
      "integrity": "sha512-2Jm+x9WkExDOeFRrdBCBSpLPT5SokTcRHkunV3pjKmX/cx6av8zQ0WtHUMDrYb6O4hBFzNU6sxJEypvRUVYKnw=="
    },
    "node-pushover": {
      "version": "1.0.0",
      "resolved": "https://registry.npmjs.org/node-pushover/-/node-pushover-1.0.0.tgz",
      "integrity": "sha512-yIIt6a60obTco2/Yr0/9iR4+4sDbDzlM3qpaJ99xnAwFlDeg29V5ur19D2L+S9i5LaBao5yAQKAdpvQ+7kVIng==",
      "requires": {
        "httpreq": "*"
      }
    }
  }
}
